// !$*UTF8*$!
{
	archiveVersion = 1;
	classes = {
	};
	objectVersion = 46;
	objects = {

/* Begin PBXBuildFile section */
		AE84DB88146EFB8600F422A5 /* Matrix-parsed.txt in Resources */ = {isa = PBXBuildFile; fileRef = AE84DB87146EFB8600F422A5 /* Matrix-parsed.txt */; };
		AE97B0F513E9E91900A60D47 /* UIKit.framework in Frameworks */ = {isa = PBXBuildFile; fileRef = AE97B0F413E9E91900A60D47 /* UIKit.framework */; };
		AE97B0F713E9E91900A60D47 /* Foundation.framework in Frameworks */ = {isa = PBXBuildFile; fileRef = AE97B0F613E9E91900A60D47 /* Foundation.framework */; };
		AE97B0F913E9E91900A60D47 /* CoreGraphics.framework in Frameworks */ = {isa = PBXBuildFile; fileRef = AE97B0F813E9E91900A60D47 /* CoreGraphics.framework */; };
		AE97B0FF13E9E91900A60D47 /* InfoPlist.strings in Resources */ = {isa = PBXBuildFile; fileRef = AE97B0FD13E9E91900A60D47 /* InfoPlist.strings */; };
		AE97B10213E9E91900A60D47 /* main.m in Sources */ = {isa = PBXBuildFile; fileRef = AE97B10113E9E91900A60D47 /* main.m */; };
		AE97B10513E9E91900A60D47 /* asdAppDelegate.m in Sources */ = {isa = PBXBuildFile; fileRef = AE97B10413E9E91900A60D47 /* asdAppDelegate.m */; };
		AE97B10813E9E91900A60D47 /* MainWindow.xib in Resources */ = {isa = PBXBuildFile; fileRef = AE97B10613E9E91900A60D47 /* MainWindow.xib */; };
		AE97B10B13E9E91900A60D47 /* asdViewController.m in Sources */ = {isa = PBXBuildFile; fileRef = AE97B10A13E9E91900A60D47 /* asdViewController.m */; };
		AE97B10E13E9E91900A60D47 /* asdViewController.xib in Resources */ = {isa = PBXBuildFile; fileRef = AE97B10C13E9E91900A60D47 /* asdViewController.xib */; };
		AE97B15713EA033E00A60D47 /* QuartzCore.framework in Frameworks */ = {isa = PBXBuildFile; fileRef = AE97B15613EA033E00A60D47 /* QuartzCore.framework */; };
		AE97B15B13EA0AA000A60D47 /* Interpreter.txt in Resources */ = {isa = PBXBuildFile; fileRef = AE97B15A13EA0AA000A60D47 /* Interpreter.txt */; };
/* End PBXBuildFile section */

/* Begin PBXFileReference section */
		AE84DB87146EFB8600F422A5 /* Matrix-parsed.txt */ = {isa = PBXFileReference; fileEncoding = 4; lastKnownFileType = text; path = "Matrix-parsed.txt"; sourceTree = "<group>"; };
		AE97B0F013E9E91900A60D47 /* asd.app */ = {isa = PBXFileReference; explicitFileType = wrapper.application; includeInIndex = 0; path = asd.app; sourceTree = BUILT_PRODUCTS_DIR; };
		AE97B0F413E9E91900A60D47 /* UIKit.framework */ = {isa = PBXFileReference; lastKnownFileType = wrapper.framework; name = UIKit.framework; path = System/Library/Frameworks/UIKit.framework; sourceTree = SDKROOT; };
		AE97B0F613E9E91900A60D47 /* Foundation.framework */ = {isa = PBXFileReference; lastKnownFileType = wrapper.framework; name = Foundation.framework; path = System/Library/Frameworks/Foundation.framework; sourceTree = SDKROOT; };
		AE97B0F813E9E91900A60D47 /* CoreGraphics.framework */ = {isa = PBXFileReference; lastKnownFileType = wrapper.framework; name = CoreGraphics.framework; path = System/Library/Frameworks/CoreGraphics.framework; sourceTree = SDKROOT; };
		AE97B0FC13E9E91900A60D47 /* asd-Info.plist */ = {isa = PBXFileReference; lastKnownFileType = text.plist.xml; path = "asd-Info.plist"; sourceTree = "<group>"; };
		AE97B0FE13E9E91900A60D47 /* en */ = {isa = PBXFileReference; lastKnownFileType = text.plist.strings; name = en; path = en.lproj/InfoPlist.strings; sourceTree = "<group>"; };
		AE97B10013E9E91900A60D47 /* asd-Prefix.pch */ = {isa = PBXFileReference; lastKnownFileType = sourcecode.c.h; path = "asd-Prefix.pch"; sourceTree = "<group>"; };
		AE97B10113E9E91900A60D47 /* main.m */ = {isa = PBXFileReference; lastKnownFileType = sourcecode.c.objc; path = main.m; sourceTree = "<group>"; };
		AE97B10313E9E91900A60D47 /* asdAppDelegate.h */ = {isa = PBXFileReference; lastKnownFileType = sourcecode.c.h; path = asdAppDelegate.h; sourceTree = "<group>"; };
		AE97B10413E9E91900A60D47 /* asdAppDelegate.m */ = {isa = PBXFileReference; lastKnownFileType = sourcecode.c.objc; path = asdAppDelegate.m; sourceTree = "<group>"; };
		AE97B10713E9E91900A60D47 /* en */ = {isa = PBXFileReference; lastKnownFileType = file.xib; name = en; path = en.lproj/MainWindow.xib; sourceTree = "<group>"; };
		AE97B10913E9E91900A60D47 /* asdViewController.h */ = {isa = PBXFileReference; lastKnownFileType = sourcecode.c.h; path = asdViewController.h; sourceTree = "<group>"; };
		AE97B10A13E9E91900A60D47 /* asdViewController.m */ = {isa = PBXFileReference; lastKnownFileType = sourcecode.c.objc; path = asdViewController.m; sourceTree = "<group>"; };
		AE97B10D13E9E91900A60D47 /* en */ = {isa = PBXFileReference; lastKnownFileType = file.xib; name = en; path = en.lproj/asdViewController.xib; sourceTree = "<group>"; };
		AE97B15613EA033E00A60D47 /* QuartzCore.framework */ = {isa = PBXFileReference; lastKnownFileType = wrapper.framework; name = QuartzCore.framework; path = System/Library/Frameworks/QuartzCore.framework; sourceTree = SDKROOT; };
		AE97B15A13EA0AA000A60D47 /* Interpreter.txt */ = {isa = PBXFileReference; fileEncoding = 4; lastKnownFileType = text; path = Interpreter.txt; sourceTree = "<group>"; };
/* End PBXFileReference section */

/* Begin PBXFrameworksBuildPhase section */
		AE97B0ED13E9E91900A60D47 /* Frameworks */ = {
			isa = PBXFrameworksBuildPhase;
			buildActionMask = 2147483647;
			files = (
				AE97B15713EA033E00A60D47 /* QuartzCore.framework in Frameworks */,
				AE97B0F513E9E91900A60D47 /* UIKit.framework in Frameworks */,
				AE97B0F713E9E91900A60D47 /* Foundation.framework in Frameworks */,
				AE97B0F913E9E91900A60D47 /* CoreGraphics.framework in Frameworks */,
			);
			runOnlyForDeploymentPostprocessing = 0;
		};
/* End PBXFrameworksBuildPhase section */

/* Begin PBXGroup section */
		AE97B0E513E9E91800A60D47 = {
			isa = PBXGroup;
			children = (
				AE97B0FA13E9E91900A60D47 /* asd */,
				AE97B0F313E9E91900A60D47 /* Frameworks */,
				AE97B0F113E9E91900A60D47 /* Products */,
			);
			sourceTree = "<group>";
		};
		AE97B0F113E9E91900A60D47 /* Products */ = {
			isa = PBXGroup;
			children = (
				AE97B0F013E9E91900A60D47 /* asd.app */,
			);
			name = Products;
			sourceTree = "<group>";
		};
		AE97B0F313E9E91900A60D47 /* Frameworks */ = {
			isa = PBXGroup;
			children = (
				AE97B15613EA033E00A60D47 /* QuartzCore.framework */,
				AE97B0F413E9E91900A60D47 /* UIKit.framework */,
				AE97B0F613E9E91900A60D47 /* Foundation.framework */,
				AE97B0F813E9E91900A60D47 /* CoreGraphics.framework */,
			);
			name = Frameworks;
			sourceTree = "<group>";
		};
		AE97B0FA13E9E91900A60D47 /* asd */ = {
			isa = PBXGroup;
			children = (
				AE97B10313E9E91900A60D47 /* asdAppDelegate.h */,
				AE97B10413E9E91900A60D47 /* asdAppDelegate.m */,
				AE97B10613E9E91900A60D47 /* MainWindow.xib */,
				AE97B10913E9E91900A60D47 /* asdViewController.h */,
				AE97B10A13E9E91900A60D47 /* asdViewController.m */,
				AE97B10C13E9E91900A60D47 /* asdViewController.xib */,
				AE97B0FB13E9E91900A60D47 /* Supporting Files */,
			);
			path = asd;
			sourceTree = "<group>";
		};
		AE97B0FB13E9E91900A60D47 /* Supporting Files */ = {
			isa = PBXGroup;
			children = (
				AE84DB87146EFB8600F422A5 /* Matrix-parsed.txt */,
				AE97B15A13EA0AA000A60D47 /* Interpreter.txt */,
				AE97B0FC13E9E91900A60D47 /* asd-Info.plist */,
				AE97B0FD13E9E91900A60D47 /* InfoPlist.strings */,
				AE97B10013E9E91900A60D47 /* asd-Prefix.pch */,
				AE97B10113E9E91900A60D47 /* main.m */,
			);
			name = "Supporting Files";
			sourceTree = "<group>";
		};
/* End PBXGroup section */

/* Begin PBXNativeTarget section */
		AE97B0EF13E9E91900A60D47 /* asd */ = {
			isa = PBXNativeTarget;
			buildConfigurationList = AE97B11113E9E91900A60D47 /* Build configuration list for PBXNativeTarget "asd" */;
			buildPhases = (
				AE97B0EC13E9E91900A60D47 /* Sources */,
				AE97B0ED13E9E91900A60D47 /* Frameworks */,
				AE97B0EE13E9E91900A60D47 /* Resources */,
			);
			buildRules = (
			);
			dependencies = (
			);
			name = asd;
			productName = asd;
			productReference = AE97B0F013E9E91900A60D47 /* asd.app */;
			productType = "com.apple.product-type.application";
		};
/* End PBXNativeTarget section */

/* Begin PBXProject section */
		AE97B0E713E9E91800A60D47 /* Project object */ = {
			isa = PBXProject;
			attributes = {
				ORGANIZATIONNAME = "Nasa Trained Monkeys";
			};
			buildConfigurationList = AE97B0EA13E9E91900A60D47 /* Build configuration list for PBXProject "asd" */;
			compatibilityVersion = "Xcode 3.2";
			developmentRegion = English;
			hasScannedForEncodings = 0;
			knownRegions = (
				en,
			);
			mainGroup = AE97B0E513E9E91800A60D47;
			productRefGroup = AE97B0F113E9E91900A60D47 /* Products */;
			projectDirPath = "";
			projectRoot = "";
			targets = (
				AE97B0EF13E9E91900A60D47 /* asd */,
			);
		};
/* End PBXProject section */

/* Begin PBXResourcesBuildPhase section */
		AE97B0EE13E9E91900A60D47 /* Resources */ = {
			isa = PBXResourcesBuildPhase;
			buildActionMask = 2147483647;
			files = (
				AE97B0FF13E9E91900A60D47 /* InfoPlist.strings in Resources */,
				AE97B10813E9E91900A60D47 /* MainWindow.xib in Resources */,
				AE97B10E13E9E91900A60D47 /* asdViewController.xib in Resources */,
				AE97B15B13EA0AA000A60D47 /* Interpreter.txt in Resources */,
				AE84DB88146EFB8600F422A5 /* Matrix-parsed.txt in Resources */,
			);
			runOnlyForDeploymentPostprocessing = 0;
		};
/* End PBXResourcesBuildPhase section */

/* Begin PBXSourcesBuildPhase section */
		AE97B0EC13E9E91900A60D47 /* Sources */ = {
			isa = PBXSourcesBuildPhase;
			buildActionMask = 2147483647;
			files = (
				AE97B10213E9E91900A60D47 /* main.m in Sources */,
				AE97B10513E9E91900A60D47 /* asdAppDelegate.m in Sources */,
				AE97B10B13E9E91900A60D47 /* asdViewController.m in Sources */,
			);
			runOnlyForDeploymentPostprocessing = 0;
		};
/* End PBXSourcesBuildPhase section */

/* Begin PBXVariantGroup section */
		AE97B0FD13E9E91900A60D47 /* InfoPlist.strings */ = {
			isa = PBXVariantGroup;
			children = (
				AE97B0FE13E9E91900A60D47 /* en */,
			);
			name = InfoPlist.strings;
			sourceTree = "<group>";
		};
		AE97B10613E9E91900A60D47 /* MainWindow.xib */ = {
			isa = PBXVariantGroup;
			children = (
				AE97B10713E9E91900A60D47 /* en */,
			);
			name = MainWindow.xib;
			sourceTree = "<group>";
		};
		AE97B10C13E9E91900A60D47 /* asdViewController.xib */ = {
			isa = PBXVariantGroup;
			children = (
				AE97B10D13E9E91900A60D47 /* en */,
			);
			name = asdViewController.xib;
			sourceTree = "<group>";
		};
/* End PBXVariantGroup section */

/* Begin XCBuildConfiguration section */
		AE97B10F13E9E91900A60D47 /* Debug */ = {
			isa = XCBuildConfiguration;
			buildSettings = {
				ARCHS = "$(ARCHS_UNIVERSAL_IPHONE_OS)";
				"CODE_SIGN_IDENTITY[sdk=iphoneos*]" = "iPhone Developer";
				GCC_C_LANGUAGE_STANDARD = gnu99;
				GCC_OPTIMIZATION_LEVEL = 0;
				GCC_PREPROCESSOR_DEFINITIONS = DEBUG;
				GCC_SYMBOLS_PRIVATE_EXTERN = NO;
				GCC_VERSION = com.apple.compilers.llvmgcc42;
				GCC_WARN_ABOUT_RETURN_TYPE = YES;
				GCC_WARN_UNUSED_VARIABLE = YES;
				IPHONEOS_DEPLOYMENT_TARGET = 4.3;
				OTHER_LDFLAGS = (
					"-ObjC",
					"-all_load",
				);
				SDKROOT = iphoneos;
				TARGETED_DEVICE_FAMILY = 2;
				USER_HEADER_SEARCH_PATHS = "\"${PROJECT_DIR}/CP/framework\"/**";
			};
			name = Debug;
		};
		AE97B11013E9E91900A60D47 /* Release */ = {
			isa = XCBuildConfiguration;
			buildSettings = {
				ARCHS = "$(ARCHS_UNIVERSAL_IPHONE_OS)";
				"CODE_SIGN_IDENTITY[sdk=iphoneos*]" = "iPhone Developer";
				GCC_C_LANGUAGE_STANDARD = gnu99;
				GCC_VERSION = com.apple.compilers.llvmgcc42;
				GCC_WARN_ABOUT_RETURN_TYPE = YES;
				GCC_WARN_UNUSED_VARIABLE = YES;
				IPHONEOS_DEPLOYMENT_TARGET = 4.3;
				OTHER_CFLAGS = "-DNS_BLOCK_ASSERTIONS=1";
				OTHER_LDFLAGS = (
					"-ObjC",
					"-all_load",
				);
				SDKROOT = iphoneos;
				TARGETED_DEVICE_FAMILY = 2;
				USER_HEADER_SEARCH_PATHS = "\"${PROJECT_DIR}/CP/framework\"/**";
			};
			name = Release;
		};
		AE97B11213E9E91900A60D47 /* Debug */ = {
			isa = XCBuildConfiguration;
			buildSettings = {
				ALWAYS_SEARCH_USER_PATHS = NO;
				COPY_PHASE_STRIP = NO;
				GCC_DYNAMIC_NO_PIC = NO;
				GCC_PRECOMPILE_PREFIX_HEADER = YES;
				GCC_PREFIX_HEADER = "asd/asd-Prefix.pch";
				INFOPLIST_FILE = "asd/asd-Info.plist";
				PRODUCT_NAME = "$(TARGET_NAME)";
				WRAPPER_EXTENSION = app;
			};
			name = Debug;
		};
		AE97B11313E9E91900A60D47 /* Release */ = {
			isa = XCBuildConfiguration;
			buildSettings = {
				ALWAYS_SEARCH_USER_PATHS = NO;
				COPY_PHASE_STRIP = YES;
				GCC_PRECOMPILE_PREFIX_HEADER = YES;
				GCC_PREFIX_HEADER = "asd/asd-Prefix.pch";
				INFOPLIST_FILE = "asd/asd-Info.plist";
				PRODUCT_NAME = "$(TARGET_NAME)";
				VALIDATE_PRODUCT = YES;
				WRAPPER_EXTENSION = app;
			};
			name = Release;
		};
/* End XCBuildConfiguration section */

/* Begin XCConfigurationList section */
		AE97B0EA13E9E91900A60D47 /* Build configuration list for PBXProject "asd" */ = {
			isa = XCConfigurationList;
			buildConfigurations = (
				AE97B10F13E9E91900A60D47 /* Debug */,
				AE97B11013E9E91900A60D47 /* Release */,
			);
			defaultConfigurationIsVisible = 0;
			defaultConfigurationName = Release;
		};
		AE97B11113E9E91900A60D47 /* Build configuration list for PBXNativeTarget "asd" */ = {
			isa = XCConfigurationList;
			buildConfigurations = (
				AE97B11213E9E91900A60D47 /* Debug */,
				AE97B11313E9E91900A60D47 /* Release */,
			);
			defaultConfigurationIsVisible = 0;
			defaultConfigurationName = Release;
		};
/* End XCConfigurationList section */
	};
	rootObject = AE97B0E713E9E91800A60D47 /* Project object */;
}
